
Microsoft Visual Studio Solution File, Format Version 12.00
# Visual Studio 15
Project("{FAE04EC0-301F-11D3-BF4B-00C04F79EFBC}") = "UnityEngine.TestRunner", "UnityEngine.TestRunner.csproj", "{C15E2BD4-1116-F860-09EC-9396E9521808}"
EndProject
Project("{FAE04EC0-301F-11D3-BF4B-00C04F79EFBC}") = "Unity.Mathematics", "Unity.Mathematics.csproj", "{78C1C81C-0F5A-C883-FA28-870231F29CF5}"
EndProject
Project("{FAE04EC0-301F-11D3-BF4B-00C04F79EFBC}") = "Unity.2D.Animation.Triangle.Runtime", "Unity.2D.Animation.Triangle.Runtime.csproj", "{000DAA86-5306-389D-D538-595D6308CDE2}"
EndProject
Project("{FAE04EC0-301F-11D3-BF4B-00C04F79EFBC}") = "Unity.Timeline", "Unity.Timeline.csproj", "{2AF02CBB-0BC0-98CD-B371-7E85A12ABC58}"
EndProject
Project("{FAE04EC0-301F-11D3-BF4B-00C04F79EFBC}") = "Cinemachine", "Cinemachine.csproj", "{DA9C3BA3-C7F2-605E-C2D4-03C62305DF81}"
EndProject
Project("{FAE04EC0-301F-11D3-BF4B-00C04F79EFBC}") = "Unity.TextMeshPro", "Unity.TextMeshPro.csproj", "{0DC2E28E-8655-64C7-D532-AEAB804AD331}"
EndProject
Project("{FAE04EC0-301F-11D3-BF4B-00C04F79EFBC}") = "Unity.2D.Animation.Runtime", "Unity.2D.Animation.Runtime.csproj", "{E9477CE7-CCAE-A6A4-3A69-163F35177970}"
EndProject
Project("{FAE04EC0-301F-11D3-BF4B-00C04F79EFBC}") = "Unity.2D.IK.Runtime", "Unity.2D.IK.Runtime.csproj", "{70CAAE0B-CD71-26C9-7532-E9F66A095963}"
EndProject
Project("{FAE04EC0-301F-11D3-BF4B-00C04F79EFBC}") = "Unity.2D.SpriteShape.Runtime", "Unity.2D.SpriteShape.Runtime.csproj", "{97534A5D-C8FB-5C17-A382-71491AC39022}"
EndProject
Project("{FAE04EC0-301F-11D3-BF4B-00C04F79EFBC}") = "Unity.2D.PixelPerfect", "Unity.2D.PixelPerfect.csproj", "{D44FF7AE-18E7-20C3-FDA3-BEC1AC9C85D6}"
EndProject
Project("{FAE04EC0-301F-11D3-BF4B-00C04F79EFBC}") = "Assembly-CSharp", "Assembly-CSharp.csproj", "{740574F3-1CAB-B780-BFA6-600434593BC5}"
EndProject
Project("{FAE04EC0-301F-11D3-BF4B-00C04F79EFBC}") = "Unity.2D.Common.Runtime", "Unity.2D.Common.Runtime.csproj", "{E3112D97-4A3E-AEB5-1362-9783FAE9B5F1}"
EndProject
Project("{FAE04EC0-301F-11D3-BF4B-00C04F79EFBC}") = "Unity.InternalAPIEngineBridge.001", "Unity.InternalAPIEngineBridge.001.csproj", "{A4075668-32A9-FB7D-6B14-994FFE8C74CA}"
EndProject
Project("{FAE04EC0-301F-11D3-BF4B-00C04F79EFBC}") = "UnityEditor.TestRunner", "UnityEditor.TestRunner.csproj", "{EB6673E9-5B25-CEBD-D7EE-309C6D8917D0}"
EndProject
Project("{FAE04EC0-301F-11D3-BF4B-00C04F79EFBC}") = "Unity.Timeline.Editor", "Unity.Timeline.Editor.csproj", "{7CEAFD57-191F-FA96-1418-F539A43AC8AC}"
EndProject
Project("{FAE04EC0-301F-11D3-BF4B-00C04F79EFBC}") = "Unity.VisualStudio.Editor", "Unity.VisualStudio.Editor.csproj", "{810A9817-2975-68BF-646F-2CAC25E03528}"
EndProject
Project("{FAE04EC0-301F-11D3-BF4B-00C04F79EFBC}") = "com.unity.cinemachine.editor", "com.unity.cinemachine.editor.csproj", "{E4E01D80-A560-F38B-C31C-82617E93C01D}"
EndProject
Project("{FAE04EC0-301F-11D3-BF4B-00C04F79EFBC}") = "Unity.2D.Psdimporter.Editor", "Unity.2D.Psdimporter.Editor.csproj", "{E99D152A-00EB-AB20-5761-05E7F6B28A36}"
EndProject
Project("{FAE04EC0-301F-11D3-BF4B-00C04F79EFBC}") = "Unity.2D.Animation.Editor", "Unity.2D.Animation.Editor.csproj", "{B5DE974B-9D8A-CA58-99E5-49F475DA48D9}"
EndProject
Project("{FAE04EC0-301F-11D3-BF4B-00C04F79EFBC}") = "Unity.TextMeshPro.Editor", "Unity.TextMeshPro.Editor.csproj", "{CBDE1717-ACA7-3C3E-BBDD-F8D3B0F9A35B}"
EndProject
Project("{FAE04EC0-301F-11D3-BF4B-00C04F79EFBC}") = "Unity.2D.SpriteShape.Editor", "Unity.2D.SpriteShape.Editor.csproj", "{703A9592-3FA7-BC30-4D94-4258E3176DE1}"
EndProject
Project("{FAE04EC0-301F-11D3-BF4B-00C04F79EFBC}") = "Unity.CollabProxy.Editor", "Unity.CollabProxy.Editor.csproj", "{C1111D07-CC96-1400-6E05-566A2EF42DF7}"
EndProject
Project("{FAE04EC0-301F-11D3-BF4B-00C04F79EFBC}") = "PsdPlugin", "PsdPlugin.csproj", "{775EE11C-EEDD-3FFE-48E9-A47B932261AA}"
EndProject
Project("{FAE04EC0-301F-11D3-BF4B-00C04F79EFBC}") = "Unity.2D.Path.Editor", "Unity.2D.Path.Editor.csproj", "{A368C2AB-9F8E-84BC-8440-4BC9CB26FE58}"
EndProject
Project("{FAE04EC0-301F-11D3-BF4B-00C04F79EFBC}") = "Unity.Rider.Editor", "Unity.Rider.Editor.csproj", "{AA4545D4-D448-BD4F-F7C9-F4874747EB34}"
EndProject
Project("{FAE04EC0-301F-11D3-BF4B-00C04F79EFBC}") = "Unity.2D.IK.Editor", "Unity.2D.IK.Editor.csproj", "{B489D64C-1F59-3642-2039-558F603739AC}"
EndProject
Project("{FAE04EC0-301F-11D3-BF4B-00C04F79EFBC}") = "Unity.2D.PixelPerfect.Editor", "Unity.2D.PixelPerfect.Editor.csproj", "{54005946-EBD2-B435-30A2-AC934ADCFCF0}"
EndProject
Project("{FAE04EC0-301F-11D3-BF4B-00C04F79EFBC}") = "Unity.VSCode.Editor", "Unity.VSCode.Editor.csproj", "{F8D4DAAC-E796-D476-FC2C-69FB291A4532}"
EndProject
Project("{FAE04EC0-301F-11D3-BF4B-00C04F79EFBC}") = "Unity.2D.Common.Editor", "Unity.2D.Common.Editor.csproj", "{19799B64-75BF-CC3E-7514-50646B7DB3E0}"
EndProject
Project("{FAE04EC0-301F-11D3-BF4B-00C04F79EFBC}") = "Unity.Mathematics.Editor", "Unity.Mathematics.Editor.csproj", "{7D27E124-3C78-3904-279B-B0851ED0AEFD}"
EndProject
Project("{FAE04EC0-301F-11D3-BF4B-00C04F79EFBC}") = "Unity.InternalAPIEditorBridge.001", "Unity.InternalAPIEditorBridge.001.csproj", "{3B4FB5DB-751F-F378-E0D4-EE6DE3BBE405}"
EndProject
Global
	GlobalSection(SolutionConfigurationPlatforms) = preSolution
		Debug|Any CPU = Debug|Any CPU
		Release|Any CPU = Release|Any CPU
	EndGlobalSection
	GlobalSection(ProjectConfigurationPlatforms) = postSolution
		{C15E2BD4-1116-F860-09EC-9396E9521808}.Debug|Any CPU.ActiveCfg = Debug|Any CPU
		{C15E2BD4-1116-F860-09EC-9396E9521808}.Debug|Any CPU.Build.0 = Debug|Any CPU
		{C15E2BD4-1116-F860-09EC-9396E9521808}.Release|Any CPU.ActiveCfg = Release|Any CPU
		{C15E2BD4-1116-F860-09EC-9396E9521808}.Release|Any CPU.Build.0 = Release|Any CPU
		{78C1C81C-0F5A-C883-FA28-870231F29CF5}.Debug|Any CPU.ActiveCfg = Debug|Any CPU
		{78C1C81C-0F5A-C883-FA28-870231F29CF5}.Debug|Any CPU.Build.0 = Debug|Any CPU
		{78C1C81C-0F5A-C883-FA28-870231F29CF5}.Release|Any CPU.ActiveCfg = Release|Any CPU
		{78C1C81C-0F5A-C883-FA28-870231F29CF5}.Release|Any CPU.Build.0 = Release|Any CPU
		{000DAA86-5306-389D-D538-595D6308CDE2}.Debug|Any CPU.ActiveCfg = Debug|Any CPU
		{000DAA86-5306-389D-D538-595D6308CDE2}.Debug|Any CPU.Build.0 = Debug|Any CPU
		{000DAA86-5306-389D-D538-595D6308CDE2}.Release|Any CPU.ActiveCfg = Release|Any CPU
		{000DAA86-5306-389D-D538-595D6308CDE2}.Release|Any CPU.Build.0 = Release|Any CPU
		{2AF02CBB-0BC0-98CD-B371-7E85A12ABC58}.Debug|Any CPU.ActiveCfg = Debug|Any CPU
		{2AF02CBB-0BC0-98CD-B371-7E85A12ABC58}.Debug|Any CPU.Build.0 = Debug|Any CPU
		{2AF02CBB-0BC0-98CD-B371-7E85A12ABC58}.Release|Any CPU.ActiveCfg = Release|Any CPU
		{2AF02CBB-0BC0-98CD-B371-7E85A12ABC58}.Release|Any CPU.Build.0 = Release|Any CPU
		{DA9C3BA3-C7F2-605E-C2D4-03C62305DF81}.Debug|Any CPU.ActiveCfg = Debug|Any CPU
		{DA9C3BA3-C7F2-605E-C2D4-03C62305DF81}.Debug|Any CPU.Build.0 = Debug|Any CPU
		{DA9C3BA3-C7F2-605E-C2D4-03C62305DF81}.Release|Any CPU.ActiveCfg = Release|Any CPU
		{DA9C3BA3-C7F2-605E-C2D4-03C62305DF81}.Release|Any CPU.Build.0 = Release|Any CPU
		{0DC2E28E-8655-64C7-D532-AEAB804AD331}.Debug|Any CPU.ActiveCfg = Debug|Any CPU
		{0DC2E28E-8655-64C7-D532-AEAB804AD331}.Debug|Any CPU.Build.0 = Debug|Any CPU
		{0DC2E28E-8655-64C7-D532-AEAB804AD331}.Release|Any CPU.ActiveCfg = Release|Any CPU
		{0DC2E28E-8655-64C7-D532-AEAB804AD331}.Release|Any CPU.Build.0 = Release|Any CPU
		{E9477CE7-CCAE-A6A4-3A69-163F35177970}.Debug|Any CPU.ActiveCfg = Debug|Any CPU
		{E9477CE7-CCAE-A6A4-3A69-163F35177970}.Debug|Any CPU.Build.0 = Debug|Any CPU
		{E9477CE7-CCAE-A6A4-3A69-163F35177970}.Release|Any CPU.ActiveCfg = Release|Any CPU
		{E9477CE7-CCAE-A6A4-3A69-163F35177970}.Release|Any CPU.Build.0 = Release|Any CPU
		{70CAAE0B-CD71-26C9-7532-E9F66A095963}.Debug|Any CPU.ActiveCfg = Debug|Any CPU
		{70CAAE0B-CD71-26C9-7532-E9F66A095963}.Debug|Any CPU.Build.0 = Debug|Any CPU
		{70CAAE0B-CD71-26C9-7532-E9F66A095963}.Release|Any CPU.ActiveCfg = Release|Any CPU
		{70CAAE0B-CD71-26C9-7532-E9F66A095963}.Release|Any CPU.Build.0 = Release|Any CPU
		{97534A5D-C8FB-5C17-A382-71491AC39022}.Debug|Any CPU.ActiveCfg = Debug|Any CPU
		{97534A5D-C8FB-5C17-A382-71491AC39022}.Debug|Any CPU.Build.0 = Debug|Any CPU
		{97534A5D-C8FB-5C17-A382-71491AC39022}.Release|Any CPU.ActiveCfg = Release|Any CPU
		{97534A5D-C8FB-5C17-A382-71491AC39022}.Release|Any CPU.Build.0 = Release|Any CPU
		{D44FF7AE-18E7-20C3-FDA3-BEC1AC9C85D6}.Debug|Any CPU.ActiveCfg = Debug|Any CPU
		{D44FF7AE-18E7-20C3-FDA3-BEC1AC9C85D6}.Debug|Any CPU.Build.0 = Debug|Any CPU
		{D44FF7AE-18E7-20C3-FDA3-BEC1AC9C85D6}.Release|Any CPU.ActiveCfg = Release|Any CPU
		{D44FF7AE-18E7-20C3-FDA3-BEC1AC9C85D6}.Release|Any CPU.Build.0 = Release|Any CPU
		{740574F3-1CAB-B780-BFA6-600434593BC5}.Debug|Any CPU.ActiveCfg = Debug|Any CPU
		{740574F3-1CAB-B780-BFA6-600434593BC5}.Debug|Any CPU.Build.0 = Debug|Any CPU
		{740574F3-1CAB-B780-BFA6-600434593BC5}.Release|Any CPU.ActiveCfg = Release|Any CPU
		{740574F3-1CAB-B780-BFA6-600434593BC5}.Release|Any CPU.Build.0 = Release|Any CPU
		{E3112D97-4A3E-AEB5-1362-9783FAE9B5F1}.Debug|Any CPU.ActiveCfg = Debug|Any CPU
		{E3112D97-4A3E-AEB5-1362-9783FAE9B5F1}.Debug|Any CPU.Build.0 = Debug|Any CPU
		{E3112D97-4A3E-AEB5-1362-9783FAE9B5F1}.Release|Any CPU.ActiveCfg = Release|Any CPU
		{E3112D97-4A3E-AEB5-1362-9783FAE9B5F1}.Release|Any CPU.Build.0 = Release|Any CPU
		{A4075668-32A9-FB7D-6B14-994FFE8C74CA}.Debug|Any CPU.ActiveCfg = Debug|Any CPU
		{A4075668-32A9-FB7D-6B14-994FFE8C74CA}.Debug|Any CPU.Build.0 = Debug|Any CPU
		{A4075668-32A9-FB7D-6B14-994FFE8C74CA}.Release|Any CPU.ActiveCfg = Release|Any CPU
		{A4075668-32A9-FB7D-6B14-994FFE8C74CA}.Release|Any CPU.Build.0 = Release|Any CPU
		{EB6673E9-5B25-CEBD-D7EE-309C6D8917D0}.Debug|Any CPU.ActiveCfg = Debug|Any CPU
		{EB6673E9-5B25-CEBD-D7EE-309C6D8917D0}.Debug|Any CPU.Build.0 = Debug|Any CPU
		{EB6673E9-5B25-CEBD-D7EE-309C6D8917D0}.Release|Any CPU.ActiveCfg = Release|Any CPU
		{EB6673E9-5B25-CEBD-D7EE-309C6D8917D0}.Release|Any CPU.Build.0 = Release|Any CPU
		{7CEAFD57-191F-FA96-1418-F539A43AC8AC}.Debug|Any CPU.ActiveCfg = Debug|Any CPU
		{7CEAFD57-191F-FA96-1418-F539A43AC8AC}.Debug|Any CPU.Build.0 = Debug|Any CPU
		{7CEAFD57-191F-FA96-1418-F539A43AC8AC}.Release|Any CPU.ActiveCfg = Release|Any CPU
		{7CEAFD57-191F-FA96-1418-F539A43AC8AC}.Release|Any CPU.Build.0 = Release|Any CPU
		{810A9817-2975-68BF-646F-2CAC25E03528}.Debug|Any CPU.ActiveCfg = Debug|Any CPU
		{810A9817-2975-68BF-646F-2CAC25E03528}.Debug|Any CPU.Build.0 = Debug|Any CPU
		{810A9817-2975-68BF-646F-2CAC25E03528}.Release|Any CPU.ActiveCfg = Release|Any CPU
		{810A9817-2975-68BF-646F-2CAC25E03528}.Release|Any CPU.Build.0 = Release|Any CPU
		{E4E01D80-A560-F38B-C31C-82617E93C01D}.Debug|Any CPU.ActiveCfg = Debug|Any CPU
		{E4E01D80-A560-F38B-C31C-82617E93C01D}.Debug|Any CPU.Build.0 = Debug|Any CPU
		{E4E01D80-A560-F38B-C31C-82617E93C01D}.Release|Any CPU.ActiveCfg = Release|Any CPU
		{E4E01D80-A560-F38B-C31C-82617E93C01D}.Release|Any CPU.Build.0 = Release|Any CPU
		{E99D152A-00EB-AB20-5761-05E7F6B28A36}.Debug|Any CPU.ActiveCfg = Debug|Any CPU
		{E99D152A-00EB-AB20-5761-05E7F6B28A36}.Debug|Any CPU.Build.0 = Debug|Any CPU
		{E99D152A-00EB-AB20-5761-05E7F6B28A36}.Release|Any CPU.ActiveCfg = Release|Any CPU
		{E99D152A-00EB-AB20-5761-05E7F6B28A36}.Release|Any CPU.Build.0 = Release|Any CPU
		{B5DE974B-9D8A-CA58-99E5-49F475DA48D9}.Debug|Any CPU.ActiveCfg = Debug|Any CPU
		{B5DE974B-9D8A-CA58-99E5-49F475DA48D9}.Debug|Any CPU.Build.0 = Debug|Any CPU
		{B5DE974B-9D8A-CA58-99E5-49F475DA48D9}.Release|Any CPU.ActiveCfg = Release|Any CPU
		{B5DE974B-9D8A-CA58-99E5-49F475DA48D9}.Release|Any CPU.Build.0 = Release|Any CPU
		{CBDE1717-ACA7-3C3E-BBDD-F8D3B0F9A35B}.Debug|Any CPU.ActiveCfg = Debug|Any CPU
		{CBDE1717-ACA7-3C3E-BBDD-F8D3B0F9A35B}.Debug|Any CPU.Build.0 = Debug|Any CPU
		{CBDE1717-ACA7-3C3E-BBDD-F8D3B0F9A35B}.Release|Any CPU.ActiveCfg = Release|Any CPU
		{CBDE1717-ACA7-3C3E-BBDD-F8D3B0F9A35B}.Release|Any CPU.Build.0 = Release|Any CPU
		{703A9592-3FA7-BC30-4D94-4258E3176DE1}.Debug|Any CPU.ActiveCfg = Debug|Any CPU
		{703A9592-3FA7-BC30-4D94-4258E3176DE1}.Debug|Any CPU.Build.0 = Debug|Any CPU
		{703A9592-3FA7-BC30-4D94-4258E3176DE1}.Release|Any CPU.ActiveCfg = Release|Any CPU
		{703A9592-3FA7-BC30-4D94-4258E3176DE1}.Release|Any CPU.Build.0 = Release|Any CPU
		{C1111D07-CC96-1400-6E05-566A2EF42DF7}.Debug|Any CPU.ActiveCfg = Debug|Any CPU
		{C1111D07-CC96-1400-6E05-566A2EF42DF7}.Debug|Any CPU.Build.0 = Debug|Any CPU
		{C1111D07-CC96-1400-6E05-566A2EF42DF7}.Release|Any CPU.ActiveCfg = Release|Any CPU
		{C1111D07-CC96-1400-6E05-566A2EF42DF7}.Release|Any CPU.Build.0 = Release|Any CPU
		{775EE11C-EEDD-3FFE-48E9-A47B932261AA}.Debug|Any CPU.ActiveCfg = Debug|Any CPU
		{775EE11C-EEDD-3FFE-48E9-A47B932261AA}.Debug|Any CPU.Build.0 = Debug|Any CPU
		{775EE11C-EEDD-3FFE-48E9-A47B932261AA}.Release|Any CPU.ActiveCfg = Release|Any CPU
		{775EE11C-EEDD-3FFE-48E9-A47B932261AA}.Release|Any CPU.Build.0 = Release|Any CPU
		{A368C2AB-9F8E-84BC-8440-4BC9CB26FE58}.Debug|Any CPU.ActiveCfg = Debug|Any CPU
		{A368C2AB-9F8E-84BC-8440-4BC9CB26FE58}.Debug|Any CPU.Build.0 = Debug|Any CPU
		{A368C2AB-9F8E-84BC-8440-4BC9CB26FE58}.Release|Any CPU.ActiveCfg = Release|Any CPU
		{A368C2AB-9F8E-84BC-8440-4BC9CB26FE58}.Release|Any CPU.Build.0 = Release|Any CPU
		{AA4545D4-D448-BD4F-F7C9-F4874747EB34}.Debug|Any CPU.ActiveCfg = Debug|Any CPU
		{AA4545D4-D448-BD4F-F7C9-F4874747EB34}.Debug|Any CPU.Build.0 = Debug|Any CPU
		{AA4545D4-D448-BD4F-F7C9-F4874747EB34}.Release|Any CPU.ActiveCfg = Release|Any CPU
		{AA4545D4-D448-BD4F-F7C9-F4874747EB34}.Release|Any CPU.Build.0 = Release|Any CPU
		{B489D64C-1F59-3642-2039-558F603739AC}.Debug|Any CPU.ActiveCfg = Debug|Any CPU
		{B489D64C-1F59-3642-2039-558F603739AC}.Debug|Any CPU.Build.0 = Debug|Any CPU
		{B489D64C-1F59-3642-2039-558F603739AC}.Release|Any CPU.ActiveCfg = Release|Any CPU
		{B489D64C-1F59-3642-2039-558F603739AC}.Release|Any CPU.Build.0 = Release|Any CPU
		{54005946-EBD2-B435-30A2-AC934ADCFCF0}.Debug|Any CPU.ActiveCfg = Debug|Any CPU
		{54005946-EBD2-B435-30A2-AC934ADCFCF0}.Debug|Any CPU.Build.0 = Debug|Any CPU
		{54005946-EBD2-B435-30A2-AC934ADCFCF0}.Release|Any CPU.ActiveCfg = Release|Any CPU
		{54005946-EBD2-B435-30A2-AC934ADCFCF0}.Release|Any CPU.Build.0 = Release|Any CPU
		{F8D4DAAC-E796-D476-FC2C-69FB291A4532}.Debug|Any CPU.ActiveCfg = Debug|Any CPU
		{F8D4DAAC-E796-D476-FC2C-69FB291A4532}.Debug|Any CPU.Build.0 = Debug|Any CPU
		{F8D4DAAC-E796-D476-FC2C-69FB291A4532}.Release|Any CPU.ActiveCfg = Release|Any CPU
		{F8D4DAAC-E796-D476-FC2C-69FB291A4532}.Release|Any CPU.Build.0 = Release|Any CPU
		{19799B64-75BF-CC3E-7514-50646B7DB3E0}.Debug|Any CPU.ActiveCfg = Debug|Any CPU
		{19799B64-75BF-CC3E-7514-50646B7DB3E0}.Debug|Any CPU.Build.0 = Debug|Any CPU
		{19799B64-75BF-CC3E-7514-50646B7DB3E0}.Release|Any CPU.ActiveCfg = Release|Any CPU
		{19799B64-75BF-CC3E-7514-50646B7DB3E0}.Release|Any CPU.Build.0 = Release|Any CPU
		{7D27E124-3C78-3904-279B-B0851ED0AEFD}.Debug|Any CPU.ActiveCfg = Debug|Any CPU
		{7D27E124-3C78-3904-279B-B0851ED0AEFD}.Debug|Any CPU.Build.0 = Debug|Any CPU
		{7D27E124-3C78-3904-279B-B0851ED0AEFD}.Release|Any CPU.ActiveCfg = Release|Any CPU
		{7D27E124-3C78-3904-279B-B0851ED0AEFD}.Release|Any CPU.Build.0 = Release|Any CPU
		{3B4FB5DB-751F-F378-E0D4-EE6DE3BBE405}.Debug|Any CPU.ActiveCfg = Debug|Any CPU
		{3B4FB5DB-751F-F378-E0D4-EE6DE3BBE405}.Debug|Any CPU.Build.0 = Debug|Any CPU
		{3B4FB5DB-751F-F378-E0D4-EE6DE3BBE405}.Release|Any CPU.ActiveCfg = Release|Any CPU
		{3B4FB5DB-751F-F378-E0D4-EE6DE3BBE405}.Release|Any CPU.Build.0 = Release|Any CPU
	EndGlobalSection
	GlobalSection(SolutionProperties) = preSolution
		HideSolutionNode = FALSE
	EndGlobalSection
EndGlobal
